Microsoft Visual Studio Solution File, Format Version 12.00
# Visual Studio Version 16
VisualStudioVersion = 16.0.32228.343
MinimumVisualStudioVersion = 10.0.40219.1
Project("{FAE04EC0-301F-11D3-BF4B-00C04F79EFBC}") = "ImageSorter", "ImageSorter.csproj", "{59813BD0-C0EF-4BD8-9215-0FCFEB9672BD}"
EndProject
Global
	GlobalSection(SolutionConfigurationPlatforms) = preSolution
		Debug|Any CPU = Debug|Any CPU
		Release|Any CPU = Release|Any CPU
	EndGlobalSection
	GlobalSection(ProjectConfigurationPlatforms) = postSolution
		{59813BD0-C0EF-4BD8-9215-0FCFEB9672BD}.Debug|Any CPU.ActiveCfg = Debug|Any CPU
		{59813BD0-C0EF-4BD8-9215-0FCFEB9672BD}.Debug|Any CPU.Build.0 = Debug|Any CPU
		{59813BD0-C0EF-4BD8-9215-0FCFEB9672BD}.Release|Any CPU.ActiveCfg = Release|Any CPU
		{59813BD0-C0EF-4BD8-9215-0FCFEB9672BD}.Release|Any CPU.Build.0 = Release|Any CPU
	EndGlobalSection
	GlobalSection(SolutionProperties) = preSolution
		HideSolutionNode = FALSE
	EndGlobalSection
	GlobalSection(ExtensibilityGlobals) = postSolution
		SolutionGuid = {0D84F151-EC45-4963-88BE-BC83E1DF6A15}
	EndGlobalSection
EndGlobal
